
Microsoft Visual Studio Solution File, Format Version 12.00
# Visual Studio Version 17
VisualStudioVersion = 17.14.37411.7
MinimumVisualStudioVersion = 10.0.40219.1
Project("{FAE04EC0-301F-11D3-BF4B-00C04F79EFBC}") = "RVAProjekatTim8", "RVAProjekatTim8\RVAProjekatTim8.csproj", "{7C5F2D66-7BBD-47AB-AF01-EDBCAE2E966E}"
EndProject
Project("{FAE04EC0-301F-11D3-BF4B-00C04F79EFBC}") = "Statistics", "Statistics\Statistics.csproj", "{47885561-50D0-4AEE-A5AF-3EA7A7F4BA2C}"
EndProject
Project("{FAE04EC0-301F-11D3-BF4B-00C04F79EFBC}") = "Common", "Common\Common.csproj", "{022C46B5-4940-49FC-8EF8-D8CB1B272D39}"
EndProject
Global
	GlobalSection(SolutionConfigurationPlatforms) = preSolution
		Debug|Any CPU = Debug|Any CPU
		Release|Any CPU = Release|Any CPU
	EndGlobalSection
	GlobalSection(ProjectConfigurationPlatforms) = postSolution
		{7C5F2D66-7BBD-47AB-AF01-EDBCAE2E966E}.Debug|Any CPU.ActiveCfg = Debug|Any CPU
		{7C5F2D66-7BBD-47AB-AF01-EDBCAE2E966E}.Debug|Any CPU.Build.0 = Debug|Any CPU
		{7C5F2D66-7BBD-47AB-AF01-EDBCAE2E966E}.Release|Any CPU.ActiveCfg = Release|Any CPU
		{7C5F2D66-7BBD-47AB-AF01-EDBCAE2E966E}.Release|Any CPU.Build.0 = Release|Any CPU
		{47885561-50D0-4AEE-A5AF-3EA7A7F4BA2C}.Debug|Any CPU.ActiveCfg = Debug|Any CPU
		{47885561-50D0-4AEE-A5AF-3EA7A7F4BA2C}.Debug|Any CPU.Build.0 = Debug|Any CPU
		{47885561-50D0-4AEE-A5AF-3EA7A7F4BA2C}.Release|Any CPU.ActiveCfg = Release|Any CPU
		{47885561-50D0-4AEE-A5AF-3EA7A7F4BA2C}.Release|Any CPU.Build.0 = Release|Any CPU
		{022C46B5-4940-49FC-8EF8-D8CB1B272D39}.Debug|Any CPU.ActiveCfg = Debug|Any CPU
		{022C46B5-4940-49FC-8EF8-D8CB1B272D39}.Debug|Any CPU.Build.0 = Debug|Any CPU
		{022C46B5-4940-49FC-8EF8-D8CB1B272D39}.Release|Any CPU.ActiveCfg = Release|Any CPU
		{022C46B5-4940-49FC-8EF8-D8CB1B272D39}.Release|Any CPU.Build.0 = Release|Any CPU
	EndGlobalSection
	GlobalSection(SolutionProperties) = preSolution
		HideSolutionNode = FALSE
	EndGlobalSection
	GlobalSection(ExtensibilityGlobals) = postSolution
		SolutionGuid = {B3A349DA-5EBB-45DF-A2C7-A6DA556BC322}
	EndGlobalSection
EndGlobal
